{
  "name": "ecart",
  "version": "1.0.0",
  "lockfileVersion": 2,
  "requires": true,
  "packages": {
    "": {
      "name": "ecart",
      "version": "1.0.0",
      "license": "ISC",
      "dependencies": {
        "@vant/weapp": "^1.6.9"
      },
      "devDependencies": {}
    },
    "node_modules/@vant/weapp": {
      "version": "1.6.9",
      "resolved": "https://npm2.myones.net/@vant/weapp/download/@vant/weapp-1.6.9.tgz",
      "integrity": "sha1-9IQKYgffxRzUU025Ym9picfDVfQ="
    }
  },
  "dependencies": {
    "@vant/weapp": {
      "version": "1.6.9",
      "resolved": "https://npm2.myones.net/@vant/weapp/download/@vant/weapp-1.6.9.tgz",
      "integrity": "sha1-9IQKYgffxRzUU025Ym9picfDVfQ="
    }
  }
}
